<?xml version="1.0" encoding="utf-8"?>
<Project ToolsVersion="4.0" xmlns="http://schemas.microsoft.com/developer/msbuild/2003">
  <ItemGroup>
    <Filter Include="Source Files">
      <UniqueIdentifier>{4FC737F1-C7A5-4376-A066-2A32D752A2FF}</UniqueIdentifier>
      <Extensions>cpp;c;cc;cxx;def;odl;idl;hpj;bat;asm;asmx</Extensions>
    </Filter>
    <Filter Include="Header Files">
      <UniqueIdentifier>{93995380-89BD-4b04-88EB-625FBE52EBFB}</UniqueIdentifier>
      <Extensions>h;hh;hpp;hxx;hm;inl;inc;xsd</Extensions>
    </Filter>
    <Filter Include="Resource Files">
      <UniqueIdentifier>{67DA6AB6-F800-4c08-8B7A-83BB121AAD01}</UniqueIdentifier>
      <Extensions>rc;ico;cur;bmp;dlg;rc2;rct;bin;rgs;gif;jpg;jpeg;jpe;resx;tiff;tif;png;wav;mfcribbon-ms</Extensions>
    </Filter>
    <Filter Include="Libraries">
      <UniqueIdentifier>{dbc84a6d-1bd2-44c1-8485-a0ca8231f2c2}</UniqueIdentifier>
    </Filter>
    <Filter Include="Libraries\Zydis">
      <UniqueIdentifier>{e8326006-2f1d-452e-8735-9ef7d0f0940e}</UniqueIdentifier>
    </Filter>
    <Filter Include="Libraries\binaryninja-arm64-disassembler">
      <UniqueIdentifier>{3e48c109-06fb-4f27-9600-a875a73ecf97}</UniqueIdentifier>
    </Filter>
    <Filter Include="Libraries\MinHook">
      <UniqueIdentifier>{d1e5db26-6c1a-4423-a69e-955b89519bc9}</UniqueIdentifier>
    </Filter>
    <Filter Include="Libraries\MinHook-Detours">
      <UniqueIdentifier>{bbbe2e93-e300-48cd-8b34-69e6c0e26802}</UniqueIdentifier>
    </Filter>
    <Filter Include="Libraries\thread-call-stack-scanner">
      <UniqueIdentifier>{ce2439c9-7065-439c-a1dd-4a3337b938c8}</UniqueIdentifier>
    </Filter>
  </ItemGroup>
  <ItemGroup>
    <ClCompile Include="mods_manager.cpp">
      <Filter>Source Files</Filter>
    </ClCompile>
    <ClCompile Include="functions.cpp">
      <Filter>Source Files</Filter>
    </ClCompile>
    <ClCompile Include="new_process_injector.cpp">
      <Filter>Source Files</Filter>
    </ClCompile>
    <ClCompile Include="main.cpp">
      <Filter>Source Files</Filter>
    </ClCompile>
    <ClCompile Include="logger.cpp">
      <Filter>Source Files</Filter>
    </ClCompile>
    <ClCompile Include="dll_inject.cpp">
      <Filter>Source Files</Filter>
    </ClCompile>
    <ClCompile Include="customization_session.cpp">
      <Filter>Source Files</Filter>
    </ClCompile>
    <ClCompile Include="all_processes_injector.cpp">
      <Filter>Source Files</Filter>
    </ClCompile>
    <ClCompile Include="stdafx.cpp">
      <Filter>Source Files</Filter>
    </ClCompile>
    <ClCompile Include="mod.cpp">
      <Filter>Source Files</Filter>
    </ClCompile>
    <ClCompile Include="mods_api.cpp">
      <Filter>Source Files</Filter>
    </ClCompile>
    <ClCompile Include="storage_manager.cpp">
      <Filter>Source Files</Filter>
    </ClCompile>
    <ClCompile Include="symbol_enum.cpp">
      <Filter>Source Files</Filter>
    </ClCompile>
    <ClCompile Include="..\shared\portable_settings.cpp">
      <Filter>Source Files</Filter>
    </ClCompile>
    <ClCompile Include="..\shared\logger_base.cpp">
      <Filter>Source Files</Filter>
    </ClCompile>
    <ClCompile Include="session_private_namespace.cpp">
      <Filter>Source Files</Filter>
    </ClCompile>
    <ClCompile Include="no_destructor.cpp">
      <Filter>Source Files</Filter>
    </ClCompile>
    <ClCompile Include="libraries\zydis\Zydis.c">
      <Filter>Libraries\Zydis</Filter>
    </ClCompile>
    <ClCompile Include="libraries\binaryninja-arm64-disassembler\decode.c">
      <Filter>Libraries\binaryninja-arm64-disassembler</Filter>
    </ClCompile>
    <ClCompile Include="libraries\binaryninja-arm64-disassembler\decode_fields32.c">
      <Filter>Libraries\binaryninja-arm64-disassembler</Filter>
    </ClCompile>
    <ClCompile Include="libraries\binaryninja-arm64-disassembler\decode_scratchpad.c">
      <Filter>Libraries\binaryninja-arm64-disassembler</Filter>
    </ClCompile>
    <ClCompile Include="libraries\binaryninja-arm64-disassembler\decode0.c">
      <Filter>Libraries\binaryninja-arm64-disassembler</Filter>
    </ClCompile>
    <ClCompile Include="libraries\binaryninja-arm64-disassembler\decode1.c">
      <Filter>Libraries\binaryninja-arm64-disassembler</Filter>
    </ClCompile>
    <ClCompile Include="libraries\binaryninja-arm64-disassembler\decode2.c">
      <Filter>Libraries\binaryninja-arm64-disassembler</Filter>
    </ClCompile>
    <ClCompile Include="libraries\binaryninja-arm64-disassembler\decompose_and_disassemble.c">
      <Filter>Libraries\binaryninja-arm64-disassembler</Filter>
    </ClCompile>
    <ClCompile Include="libraries\binaryninja-arm64-disassembler\encodings_dec.c">
      <Filter>Libraries\binaryninja-arm64-disassembler</Filter>
    </ClCompile>
    <ClCompile Include="libraries\binaryninja-arm64-disassembler\encodings_fmt.c">
      <Filter>Libraries\binaryninja-arm64-disassembler</Filter>
    </ClCompile>
    <ClCompile Include="libraries\binaryninja-arm64-disassembler\format.c">
      <Filter>Libraries\binaryninja-arm64-disassembler</Filter>
    </ClCompile>
    <ClCompile Include="libraries\binaryninja-arm64-disassembler\gofer.c">
      <Filter>Libraries\binaryninja-arm64-disassembler</Filter>
    </ClCompile>
    <ClCompile Include="libraries\binaryninja-arm64-disassembler\operations.c">
      <Filter>Libraries\binaryninja-arm64-disassembler</Filter>
    </ClCompile>
    <ClCompile Include="libraries\binaryninja-arm64-disassembler\pcode.c">
      <Filter>Libraries\binaryninja-arm64-disassembler</Filter>
    </ClCompile>
    <ClCompile Include="libraries\binaryninja-arm64-disassembler\regs.c">
      <Filter>Libraries\binaryninja-arm64-disassembler</Filter>
    </ClCompile>
    <ClCompile Include="libraries\binaryninja-arm64-disassembler\sysregs.c">
      <Filter>Libraries\binaryninja-arm64-disassembler</Filter>
    </ClCompile>
    <ClCompile Include="libraries\MinHook\src\buffer.c">
      <Filter>Libraries\MinHook</Filter>
    </ClCompile>
    <ClCompile Include="libraries\MinHook\src\hde\hde32.c">
      <Filter>Libraries\MinHook</Filter>
    </ClCompile>
    <ClCompile Include="libraries\MinHook\src\hde\hde64.c">
      <Filter>Libraries\MinHook</Filter>
    </ClCompile>
    <ClCompile Include="libraries\MinHook\src\hook.c">
      <Filter>Libraries\MinHook</Filter>
    </ClCompile>
    <ClCompile Include="libraries\MinHook\src\trampoline.c">
      <Filter>Libraries\MinHook</Filter>
    </ClCompile>
    <ClCompile Include="libraries\MinHook-Detours\MinHook.c">
      <Filter>Libraries\MinHook-Detours</Filter>
    </ClCompile>
    <ClCompile Include="libraries\MinHook-Detours\SlimDetours\Disassembler.c">
      <Filter>Libraries\MinHook-Detours</Filter>
    </ClCompile>
    <ClCompile Include="libraries\MinHook-Detours\SlimDetours\InlineHook.c">
      <Filter>Libraries\MinHook-Detours</Filter>
    </ClCompile>
    <ClCompile Include="libraries\MinHook-Detours\SlimDetours\Instruction.c">
      <Filter>Libraries\MinHook-Detours</Filter>
    </ClCompile>
    <ClCompile Include="libraries\MinHook-Detours\SlimDetours\Memory.c">
      <Filter>Libraries\MinHook-Detours</Filter>
    </ClCompile>
    <ClCompile Include="libraries\MinHook-Detours\SlimDetours\Thread.c">
      <Filter>Libraries\MinHook-Detours</Filter>
    </ClCompile>
    <ClCompile Include="libraries\MinHook-Detours\SlimDetours\Trampoline.c">
      <Filter>Libraries\MinHook-Detours</Filter>
    </ClCompile>
    <ClCompile Include="libraries\MinHook-Detours\SlimDetours\Transaction.c">
      <Filter>Libraries\MinHook-Detours</Filter>
    </ClCompile>
    <ClCompile Include="libraries\thread-call-stack-scanner\ThreadsCallStackWaitForRegions.c">
      <Filter>Libraries\thread-call-stack-scanner</Filter>
    </ClCompile>
    <ClCompile Include="libraries\thread-call-stack-scanner\Memory.c">
      <Filter>Libraries\thread-call-stack-scanner</Filter>
    </ClCompile>
    <ClCompile Include="libraries\thread-call-stack-scanner\Thread.c">
      <Filter>Libraries\thread-call-stack-scanner</Filter>
    </ClCompile>
    <ClCompile Include="libraries\thread-call-stack-scanner\ThreadsCallStackIterate.c">
      <Filter>Libraries\thread-call-stack-scanner</Filter>
    </ClCompile>
  </ItemGroup>
  <ItemGroup>
    <ClInclude Include="dll_inject.h">
      <Filter>Header Files</Filter>
    </ClInclude>
    <ClInclude Include="new_process_injector.h">
      <Filter>Header Files</Filter>
    </ClInclude>
    <ClInclude Include="all_processes_injector.h">
      <Filter>Header Files</Filter>
    </ClInclude>
    <ClInclude Include="logger.h">
      <Filter>Header Files</Filter>
    </ClInclude>
    <ClInclude Include="functions.h">
      <Filter>Header Files</Filter>
    </ClInclude>
    <ClInclude Include="mods_api.h">
      <Filter>Header Files</Filter>
    </ClInclude>
    <ClInclude Include="customization_session.h">
      <Filter>Header Files</Filter>
    </ClInclude>
    <ClInclude Include="mods_manager.h">
      <Filter>Header Files</Filter>
    </ClInclude>
    <ClInclude Include="stdafx.h">
      <Filter>Header Files</Filter>
    </ClInclude>
    <ClInclude Include="mod.h">
      <Filter>Header Files</Filter>
    </ClInclude>
    <ClInclude Include="storage_manager.h">
      <Filter>Header Files</Filter>
    </ClInclude>
    <ClInclude Include="symbol_enum.h">
      <Filter>Header Files</Filter>
    </ClInclude>
    <ClInclude Include="..\shared\version.h">
      <Filter>Header Files</Filter>
    </ClInclude>
    <ClInclude Include="resource.h">
      <Filter>Header Files</Filter>
    </ClInclude>
    <ClInclude Include="..\shared\portable_settings.h">
      <Filter>Header Files</Filter>
    </ClInclude>
    <ClInclude Include="..\shared\logger_base.h">
      <Filter>Header Files</Filter>
    </ClInclude>
    <ClInclude Include="session_private_namespace.h">
      <Filter>Header Files</Filter>
    </ClInclude>
    <ClInclude Include="no_destructor.h">
      <Filter>Header Files</Filter>
    </ClInclude>
    <ClInclude Include="var_init_once.h">
      <Filter>Header Files</Filter>
    </ClInclude>
    <ClInclude Include="mods_api_internal.h">
      <Filter>Header Files</Filter>
    </ClInclude>
    <ClInclude Include="process_lists.h">
      <Filter>Header Files</Filter>
    </ClInclude>
  </ItemGroup>
  <ItemGroup>
    <ResourceCompile Include="rsrc.rc">
      <Filter>Resource Files</Filter>
    </ResourceCompile>
  </ItemGroup>
</Project>