<?xml version="1.0" encoding="utf-8"?>
<Project ToolsVersion="4.0" xmlns="http://schemas.microsoft.com/developer/msbuild/2003">
  <ItemGroup>
    <Filter Include="Source Files">
      <UniqueIdentifier>{22b472b6-8e00-43cc-9d05-145bf61d6fa8}</UniqueIdentifier>
      <Extensions>cpp;c;cxx;def;odl;idl;hpj;bat;asm</Extensions>
    </Filter>
    <Filter Include="Header Files">
      <UniqueIdentifier>{aff9dafa-81f2-49e9-8577-a319932c9c56}</UniqueIdentifier>
      <Extensions>h;hpp;hxx;hm;inl;inc</Extensions>
    </Filter>
    <Filter Include="Resource Files">
      <UniqueIdentifier>{c9908b8c-b610-454b-9f8a-fd6afc7f6daa}</UniqueIdentifier>
      <Extensions>rc;ico;cur;bmp;dlg;rc2;rct;bin;rgs;jpg;jpeg;jpe;manifest</Extensions>
    </Filter>
  </ItemGroup>
  <ItemGroup>
    <ClCompile Include="stdafx.cpp">
      <Filter>Source Files</Filter>
    </ClCompile>
    <ClCompile Include="app.cpp">
      <Filter>Source Files</Filter>
    </ClCompile>
    <ClCompile Include="main_window.cpp">
      <Filter>Source Files</Filter>
    </ClCompile>
    <ClCompile Include="tray_icon.cpp">
      <Filter>Source Files</Filter>
    </ClCompile>
    <ClCompile Include="storage_manager.cpp">
      <Filter>Source Files</Filter>
    </ClCompile>
    <ClCompile Include="..\shared\portable_settings.cpp">
      <Filter>Source Files</Filter>
    </ClCompile>
    <ClCompile Include="engine_control.cpp">
      <Filter>Source Files</Filter>
    </ClCompile>
    <ClCompile Include="ui_control.cpp">
      <Filter>Source Files</Filter>
    </ClCompile>
    <ClCompile Include="update_checker.cpp">
      <Filter>Source Files</Filter>
    </ClCompile>
    <ClCompile Include="userprofile.cpp">
      <Filter>Source Files</Filter>
    </ClCompile>
    <ClCompile Include="..\shared\logger_base.cpp">
      <Filter>Source Files</Filter>
    </ClCompile>
    <ClCompile Include="logger.cpp">
      <Filter>Source Files</Filter>
    </ClCompile>
    <ClCompile Include="functions.cpp">
      <Filter>Source Files</Filter>
    </ClCompile>
    <ClCompile Include="service.cpp">
      <Filter>Source Files</Filter>
    </ClCompile>
    <ClCompile Include="task_manager_dlg.cpp">
      <Filter>Source Files</Filter>
    </ClCompile>
    <ClCompile Include="toolkit_dlg.cpp">
      <Filter>Source Files</Filter>
    </ClCompile>
    <ClCompile Include="event_viewer_crash_monitor.cpp">
      <Filter>Source Files</Filter>
    </ClCompile>
  </ItemGroup>
  <ItemGroup>
    <ClInclude Include="stdafx.h">
      <Filter>Header Files</Filter>
    </ClInclude>
    <ClInclude Include="main_window.h">
      <Filter>Header Files</Filter>
    </ClInclude>
    <ClInclude Include="resource.h">
      <Filter>Header Files</Filter>
    </ClInclude>
    <ClInclude Include="tray_icon.h">
      <Filter>Header Files</Filter>
    </ClInclude>
    <ClInclude Include="storage_manager.h">
      <Filter>Header Files</Filter>
    </ClInclude>
    <ClInclude Include="..\shared\portable_settings.h">
      <Filter>Header Files</Filter>
    </ClInclude>
    <ClInclude Include="..\shared\version.h">
      <Filter>Header Files</Filter>
    </ClInclude>
    <ClInclude Include="engine_control.h">
      <Filter>Header Files</Filter>
    </ClInclude>
    <ClInclude Include="ui_control.h">
      <Filter>Header Files</Filter>
    </ClInclude>
    <ClInclude Include="update_checker.h">
      <Filter>Header Files</Filter>
    </ClInclude>
    <ClInclude Include="userprofile.h">
      <Filter>Header Files</Filter>
    </ClInclude>
    <ClInclude Include="..\shared\logger_base.h">
      <Filter>Header Files</Filter>
    </ClInclude>
    <ClInclude Include="logger.h">
      <Filter>Header Files</Filter>
    </ClInclude>
    <ClInclude Include="functions.h">
      <Filter>Header Files</Filter>
    </ClInclude>
    <ClInclude Include="service.h">
      <Filter>Header Files</Filter>
    </ClInclude>
    <ClInclude Include="winhttpsimple.h">
      <Filter>Header Files</Filter>
    </ClInclude>
    <ClInclude Include="task_manager_dlg.h">
      <Filter>Header Files</Filter>
    </ClInclude>
    <ClInclude Include="service_common.h">
      <Filter>Header Files</Filter>
    </ClInclude>
    <ClInclude Include="toolkit_dlg.h">
      <Filter>Header Files</Filter>
    </ClInclude>
    <ClInclude Include="event_viewer_crash_monitor.h">
      <Filter>Header Files</Filter>
    </ClInclude>
  </ItemGroup>
  <ItemGroup>
    <ResourceCompile Include="rsrc.rc">
      <Filter>Resource Files</Filter>
    </ResourceCompile>
  </ItemGroup>
  <ItemGroup>
    <Image Include="rsrc\app.ico">
      <Filter>Resource Files</Filter>
    </Image>
    <Image Include="rsrc\app_notification.ico">
      <Filter>Resource Files</Filter>
    </Image>
  </ItemGroup>
  <ItemGroup>
    <None Include="packages.config" />
  </ItemGroup>
</Project>